
Microsoft Visual Studio Solution File, Format Version 12.00
# Visual Studio Version 17
VisualStudioVersion = 17.9.34607.119
MinimumVisualStudioVersion = 10.0.40219.1
Project("{FAE04EC0-301F-11D3-BF4B-00C04F79EFBC}") = "OTUS_CSharp_Basic_10", "OTUS_CSharp_Basic_10\OTUS_CSharp_Basic_10.csproj", "{4AAA9DF4-61E0-419C-91C2-73FA5489F0EC}"
EndProject
Global
	GlobalSection(SolutionConfigurationPlatforms) = preSolution
		Debug|Any CPU = Debug|Any CPU
		Release|Any CPU = Release|Any CPU
	EndGlobalSection
	GlobalSection(ProjectConfigurationPlatforms) = postSolution
		{4AAA9DF4-61E0-419C-91C2-73FA5489F0EC}.Debug|Any CPU.ActiveCfg = Debug|Any CPU
		{4AAA9DF4-61E0-419C-91C2-73FA5489F0EC}.Debug|Any CPU.Build.0 = Debug|Any CPU
		{4AAA9DF4-61E0-419C-91C2-73FA5489F0EC}.Release|Any CPU.ActiveCfg = Release|Any CPU
		{4AAA9DF4-61E0-419C-91C2-73FA5489F0EC}.Release|Any CPU.Build.0 = Release|Any CPU
	EndGlobalSection
	GlobalSection(SolutionProperties) = preSolution
		HideSolutionNode = FALSE
	EndGlobalSection
	GlobalSection(ExtensibilityGlobals) = postSolution
		SolutionGuid = {760422F9-80AD-42C6-851D-2DCB4F34C4E2}
	EndGlobalSection
EndGlobal
